
Microsoft Visual Studio Solution File, Format Version 12.00
# Visual Studio 15
VisualStudioVersion = 15.0.28307.779
MinimumVisualStudioVersion = 10.0.40219.1
Project("{FAE04EC0-301F-11D3-BF4B-00C04F79EFBC}") = "mesclaImagens", "StitchImages\mesclaImagens.csproj", "{155C4EDF-2FF4-442D-B2C7-DBED11144CFE}"
EndProject
Project("{FAE04EC0-301F-11D3-BF4B-00C04F79EFBC}") = "carregaImagens", "carregaImagens\carregaImagens.csproj", "{2A3256D7-E9DE-4976-ABDF-1B565A45FDDD}"
EndProject
Global
	GlobalSection(SolutionConfigurationPlatforms) = preSolution
		Debug|Any CPU = Debug|Any CPU
		Release|Any CPU = Release|Any CPU
	EndGlobalSection
	GlobalSection(ProjectConfigurationPlatforms) = postSolution
		{155C4EDF-2FF4-442D-B2C7-DBED11144CFE}.Debug|Any CPU.ActiveCfg = Debug|Any CPU
		{155C4EDF-2FF4-442D-B2C7-DBED11144CFE}.Debug|Any CPU.Build.0 = Debug|Any CPU
		{155C4EDF-2FF4-442D-B2C7-DBED11144CFE}.Release|Any CPU.ActiveCfg = Release|Any CPU
		{155C4EDF-2FF4-442D-B2C7-DBED11144CFE}.Release|Any CPU.Build.0 = Release|Any CPU
		{2A3256D7-E9DE-4976-ABDF-1B565A45FDDD}.Debug|Any CPU.ActiveCfg = Debug|Any CPU
		{2A3256D7-E9DE-4976-ABDF-1B565A45FDDD}.Debug|Any CPU.Build.0 = Debug|Any CPU
		{2A3256D7-E9DE-4976-ABDF-1B565A45FDDD}.Release|Any CPU.ActiveCfg = Release|Any CPU
		{2A3256D7-E9DE-4976-ABDF-1B565A45FDDD}.Release|Any CPU.Build.0 = Release|Any CPU
	EndGlobalSection
	GlobalSection(SolutionProperties) = preSolution
		HideSolutionNode = FALSE
	EndGlobalSection
	GlobalSection(ExtensibilityGlobals) = postSolution
		SolutionGuid = {CA2C2681-81C2-45C5-AB1C-608B6148AD85}
	EndGlobalSection
EndGlobal
